
Microsoft Visual Studio Solution File, Format Version 12.00
# Visual Studio Version 17
VisualStudioVersion = 17.6.33723.286
MinimumVisualStudioVersion = 10.0.40219.1
Project("{9A19103F-16F7-4668-BE54-9A1E7A4F7556}") = "Modul4HomeWork4", "Modul4HomeWork4\Modul4HomeWork4.csproj", "{78898BF4-31FD-4888-96E4-9A5499118711}"
EndProject
Project("{2150E333-8FDC-42A3-9474-1A3956D46DE8}") = "Solution Items", "Solution Items", "{73FA5E25-FBD7-45B2-80C6-C84D2094073D}"
	ProjectSection(SolutionItems) = preProject
		.editorconfig = .editorconfig
	EndProjectSection
EndProject
Global
	GlobalSection(SolutionConfigurationPlatforms) = preSolution
		Debug|Any CPU = Debug|Any CPU
		Release|Any CPU = Release|Any CPU
	EndGlobalSection
	GlobalSection(ProjectConfigurationPlatforms) = postSolution
		{78898BF4-31FD-4888-96E4-9A5499118711}.Debug|Any CPU.ActiveCfg = Debug|Any CPU
		{78898BF4-31FD-4888-96E4-9A5499118711}.Debug|Any CPU.Build.0 = Debug|Any CPU
		{78898BF4-31FD-4888-96E4-9A5499118711}.Release|Any CPU.ActiveCfg = Release|Any CPU
		{78898BF4-31FD-4888-96E4-9A5499118711}.Release|Any CPU.Build.0 = Release|Any CPU
	EndGlobalSection
	GlobalSection(SolutionProperties) = preSolution
		HideSolutionNode = FALSE
	EndGlobalSection
	GlobalSection(ExtensibilityGlobals) = postSolution
		SolutionGuid = {1BDA9236-5A0A-449D-B726-6B4CD3800875}
	EndGlobalSection
EndGlobal
